// !$*UTF8*$!
{
	archiveVersion = 1;
	classes = {
	};
	objectVersion = 56;
	objects = {

/* Begin PBXBuildFile section */
		0D1540612D22EF5D00D6D63F /* AnalyticsEvent.swift in Sources */ = {isa = PBXBuildFile; fileRef = 0D1540602D22EF5D00D6D63F /* AnalyticsEvent.swift */; };
		0DF1D1402D22DC51001626E7 /* ServicesAssembler.swift in Sources */ = {isa = PBXBuildFile; fileRef = 0DF1D13F2D22DC4B001626E7 /* ServicesAssembler.swift */; };
		0DF1D1432D22DCD8001626E7 /* PerformOnce.swift in Sources */ = {isa = PBXBuildFile; fileRef = 0DF1D1422D22DCD2001626E7 /* PerformOnce.swift */; };
		0DF1D1452D22DD06001626E7 /* BitcoinRateService.swift in Sources */ = {isa = PBXBuildFile; fileRef = 0DF1D1442D22DCFF001626E7 /* BitcoinRateService.swift */; };
		0DF1D1472D22DD4A001626E7 /* AnalyticsService.swift in Sources */ = {isa = PBXBuildFile; fileRef = 0DF1D1462D22DD44001626E7 /* AnalyticsService.swift */; };
		1CA3B6562D22B0F500176711 /* AppDelegate.swift in Sources */ = {isa = PBXBuildFile; fileRef = 1CA3B6552D22B0F500176711 /* AppDelegate.swift */; };
		1CA3B6582D22B0F500176711 /* SceneDelegate.swift in Sources */ = {isa = PBXBuildFile; fileRef = 1CA3B6572D22B0F500176711 /* SceneDelegate.swift */; };
		1CA3B6602D22B0F500176711 /* TransactionsTestTask.xcdatamodeld in Sources */ = {isa = PBXBuildFile; fileRef = 1CA3B65E2D22B0F500176711 /* TransactionsTestTask.xcdatamodeld */; };
		1CA3B6622D22B0F600176711 /* Assets.xcassets in Resources */ = {isa = PBXBuildFile; fileRef = 1CA3B6612D22B0F600176711 /* Assets.xcassets */; };
		1CA3B6652D22B0F600176711 /* Base in Resources */ = {isa = PBXBuildFile; fileRef = 1CA3B6642D22B0F600176711 /* Base */; };
		1CA3B6702D22B0F600176711 /* TransactionsTestTaskTests.swift in Sources */ = {isa = PBXBuildFile; fileRef = 1CA3B66F2D22B0F600176711 /* TransactionsTestTaskTests.swift */; };
		92ADBAC92E23B1EB00AA51EF /* Coordinator.swift in Sources */ = {isa = PBXBuildFile; fileRef = 92ADBAC82E23B1EB00AA51EF /* Coordinator.swift */; };
		92ADBACB2E23B22800AA51EF /* AppCoordinator.swift in Sources */ = {isa = PBXBuildFile; fileRef = 92ADBACA2E23B22800AA51EF /* AppCoordinator.swift */; };
		92ADBACF2E23B36900AA51EF /* WalletViewController.swift in Sources */ = {isa = PBXBuildFile; fileRef = 92ADBACE2E23B36900AA51EF /* WalletViewController.swift */; };
		92ADBAD12E23B38D00AA51EF /* WalletViewModel.swift in Sources */ = {isa = PBXBuildFile; fileRef = 92ADBAD02E23B38D00AA51EF /* WalletViewModel.swift */; };
		92ADBAD32E23B3C000AA51EF /* WalletView.swift in Sources */ = {isa = PBXBuildFile; fileRef = 92ADBAD22E23B3C000AA51EF /* WalletView.swift */; };
		92ADBAD52E23B40A00AA51EF /* WalletCoordinator.swift in Sources */ = {isa = PBXBuildFile; fileRef = 92ADBAD42E23B40A00AA51EF /* WalletCoordinator.swift */; };
		92ADBAD92E23C6D500AA51EF /* NewTransactionView.swift in Sources */ = {isa = PBXBuildFile; fileRef = 92ADBAD82E23C6D500AA51EF /* NewTransactionView.swift */; };
		92ADBADB2E23C6DE00AA51EF /* NewTransactionViewModel.swift in Sources */ = {isa = PBXBuildFile; fileRef = 92ADBADA2E23C6DE00AA51EF /* NewTransactionViewModel.swift */; };
		92ADBADD2E23C6EA00AA51EF /* NewTransactionViewController.swift in Sources */ = {isa = PBXBuildFile; fileRef = 92ADBADC2E23C6EA00AA51EF /* NewTransactionViewController.swift */; };
		92ADBADF2E23C6F600AA51EF /* NewTransactionCoordinator.swift in Sources */ = {isa = PBXBuildFile; fileRef = 92ADBADE2E23C6F600AA51EF /* NewTransactionCoordinator.swift */; };
		92ADBAE12E23C95300AA51EF /* BackCoordinating.swift in Sources */ = {isa = PBXBuildFile; fileRef = 92ADBAE02E23C95300AA51EF /* BackCoordinating.swift */; };
		92ADBAE42E23EEBF00AA51EF /* Colors.xcassets in Resources */ = {isa = PBXBuildFile; fileRef = 92ADBAE32E23EEBF00AA51EF /* Colors.xcassets */; };
		92ADBAE62E23F55100AA51EF /* BitcoinPriceView.swift in Sources */ = {isa = PBXBuildFile; fileRef = 92ADBAE52E23F55100AA51EF /* BitcoinPriceView.swift */; };
		92ADBAE92E252D6900AA51EF /* TransactionsView.swift in Sources */ = {isa = PBXBuildFile; fileRef = 92ADBAE82E252D6900AA51EF /* TransactionsView.swift */; };
		92ADBAEB2E25385F00AA51EF /* TransactionCell.swift in Sources */ = {isa = PBXBuildFile; fileRef = 92ADBAEA2E25385F00AA51EF /* TransactionCell.swift */; };
		92ADBAEE2E25566800AA51EF /* NetworkService.swift in Sources */ = {isa = PBXBuildFile; fileRef = 92ADBAED2E25566800AA51EF /* NetworkService.swift */; };
		92ADBAF02E25569E00AA51EF /* NetworkError.swift in Sources */ = {isa = PBXBuildFile; fileRef = 92ADBAEF2E25569E00AA51EF /* NetworkError.swift */; };
		92ADBAF22E2556D500AA51EF /* HTTPMethod.swift in Sources */ = {isa = PBXBuildFile; fileRef = 92ADBAF12E2556D500AA51EF /* HTTPMethod.swift */; };
		92ADBAF42E2556EC00AA51EF /* HTTPHeader.swift in Sources */ = {isa = PBXBuildFile; fileRef = 92ADBAF32E2556EC00AA51EF /* HTTPHeader.swift */; };
		92ADBAF82E25572E00AA51EF /* URLRequest.swift in Sources */ = {isa = PBXBuildFile; fileRef = 92ADBAF72E25572E00AA51EF /* URLRequest.swift */; };
		92ADBAFA2E25576B00AA51EF /* Endpoint.swift in Sources */ = {isa = PBXBuildFile; fileRef = 92ADBAF92E25576B00AA51EF /* Endpoint.swift */; };
		92ADBAFD2E25582300AA51EF /* BitcoinRateProvider.swift in Sources */ = {isa = PBXBuildFile; fileRef = 92ADBAFC2E25582300AA51EF /* BitcoinRateProvider.swift */; };
		92ADBAFF2E255A5300AA51EF /* ResponseModel.swift in Sources */ = {isa = PBXBuildFile; fileRef = 92ADBAFE2E255A5300AA51EF /* ResponseModel.swift */; };
		92ADBB022E255DF400AA51EF /* GetBitcoinRate.swift in Sources */ = {isa = PBXBuildFile; fileRef = 92ADBB012E255DF400AA51EF /* GetBitcoinRate.swift */; };
		92ADBB062E255E1800AA51EF /* BitcoinRateResponse.swift in Sources */ = {isa = PBXBuildFile; fileRef = 92ADBB052E255E1800AA51EF /* BitcoinRateResponse.swift */; };
		92ADBB082E25717A00AA51EF /* Constants.swift in Sources */ = {isa = PBXBuildFile; fileRef = 92ADBB072E25717A00AA51EF /* Constants.swift */; };
		92ADBB0B2E257AB200AA51EF /* PaddedTextField.swift in Sources */ = {isa = PBXBuildFile; fileRef = 92ADBB0A2E257AB200AA51EF /* PaddedTextField.swift */; };
		92ADBB0E2E2599E700AA51EF /* UITextField.swift in Sources */ = {isa = PBXBuildFile; fileRef = 92ADBB0D2E2599E700AA51EF /* UITextField.swift */; };
		92ADBB292E267EDA00AA51EF /* CoreDataStack.swift in Sources */ = {isa = PBXBuildFile; fileRef = 92ADBB282E267ED900AA51EF /* CoreDataStack.swift */; };
		92ADBB2B2E267F2100AA51EF /* TransactionRepository.swift in Sources */ = {isa = PBXBuildFile; fileRef = 92ADBB2A2E267F2100AA51EF /* TransactionRepository.swift */; };
		92ADBB2E2E2699C800AA51EF /* TransactionEntity+CoreDataClass.swift in Sources */ = {isa = PBXBuildFile; fileRef = 92ADBB2C2E2699C800AA51EF /* TransactionEntity+CoreDataClass.swift */; };
		92ADBB2F2E2699C800AA51EF /* TransactionEntity+CoreDataProperties.swift in Sources */ = {isa = PBXBuildFile; fileRef = 92ADBB2D2E2699C800AA51EF /* TransactionEntity+CoreDataProperties.swift */; };
		92ADBB312E26A38100AA51EF /* TransactionUIModel.swift in Sources */ = {isa = PBXBuildFile; fileRef = 92ADBB302E26A38100AA51EF /* TransactionUIModel.swift */; };
		92ADBB332E26ACB200AA51EF /* TransactionMapper.swift in Sources */ = {isa = PBXBuildFile; fileRef = 92ADBB322E26ACB200AA51EF /* TransactionMapper.swift */; };
		92ADBB352E26B19100AA51EF /* TransactionType.swift in Sources */ = {isa = PBXBuildFile; fileRef = 92ADBB342E26B19100AA51EF /* TransactionType.swift */; };
		92ADBB382E26C89F00AA51EF /* MockedTransactionsConfigurator.swift in Sources */ = {isa = PBXBuildFile; fileRef = 92ADBB372E26C89F00AA51EF /* MockedTransactionsConfigurator.swift */; };
		92ADBB3A2E26CB8700AA51EF /* Date.swift in Sources */ = {isa = PBXBuildFile; fileRef = 92ADBB392E26CB8700AA51EF /* Date.swift */; };
		92ADBB3C2E26CBA700AA51EF /* Double.swift in Sources */ = {isa = PBXBuildFile; fileRef = 92ADBB3B2E26CBA700AA51EF /* Double.swift */; };
		92ADBB3E2E26CBE000AA51EF /* TransactionExpenseCategory.swift in Sources */ = {isa = PBXBuildFile; fileRef = 92ADBB3D2E26CBE000AA51EF /* TransactionExpenseCategory.swift */; };
		92ADBB452E26D32D00AA51EF /* BitcoinRateEntity+CoreDataClass.swift in Sources */ = {isa = PBXBuildFile; fileRef = 92ADBB432E26D32D00AA51EF /* BitcoinRateEntity+CoreDataClass.swift */; };
		92ADBB462E26D32D00AA51EF /* BitcoinRateEntity+CoreDataProperties.swift in Sources */ = {isa = PBXBuildFile; fileRef = 92ADBB442E26D32D00AA51EF /* BitcoinRateEntity+CoreDataProperties.swift */; };
		92ADBB492E26D38900AA51EF /* WalletBalanceEntity+CoreDataClass.swift in Sources */ = {isa = PBXBuildFile; fileRef = 92ADBB472E26D38900AA51EF /* WalletBalanceEntity+CoreDataClass.swift */; };
		92ADBB4A2E26D38900AA51EF /* WalletBalanceEntity+CoreDataProperties.swift in Sources */ = {isa = PBXBuildFile; fileRef = 92ADBB482E26D38900AA51EF /* WalletBalanceEntity+CoreDataProperties.swift */; };
		92ADBB4D2E26D97500AA51EF /* BitcoinRateRepository.swift in Sources */ = {isa = PBXBuildFile; fileRef = 92ADBB4C2E26D97500AA51EF /* BitcoinRateRepository.swift */; };
		92ADBB572E26EB9500AA51EF /* WalletBalanceRepository.swift in Sources */ = {isa = PBXBuildFile; fileRef = 92ADBB562E26EB9500AA51EF /* WalletBalanceRepository.swift */; };
		92ADBB5A2E26ECE700AA51EF /* WalletBalanceService.swift in Sources */ = {isa = PBXBuildFile; fileRef = 92ADBB592E26ECE700AA51EF /* WalletBalanceService.swift */; };
		92ADBB5C2E27F27100AA51EF /* String.swift in Sources */ = {isa = PBXBuildFile; fileRef = 92ADBB5B2E27F27100AA51EF /* String.swift */; };
		92ADBB5E2E28024B00AA51EF /* TransactionModel.swift in Sources */ = {isa = PBXBuildFile; fileRef = 92ADBB5D2E28024B00AA51EF /* TransactionModel.swift */; };
		92ADBB602E28220000AA51EF /* AlertBuilder.swift in Sources */ = {isa = PBXBuildFile; fileRef = 92ADBB5F2E28220000AA51EF /* AlertBuilder.swift */; };
		92ADBB622E283A1D00AA51EF /* Localizable.xcstrings in Resources */ = {isa = PBXBuildFile; fileRef = 92ADBB612E283A1C00AA51EF /* Localizable.xcstrings */; };
		92ADBB662E284C4700AA51EF /* AnalyticsServiceTests.swift in Sources */ = {isa = PBXBuildFile; fileRef = 92ADBB652E284C4700AA51EF /* AnalyticsServiceTests.swift */; };
		92ADBB6B2E28512700AA51EF /* MockWalletBalanceRepository.swift in Sources */ = {isa = PBXBuildFile; fileRef = 92ADBB6A2E28512700AA51EF /* MockWalletBalanceRepository.swift */; };
		92ADBB6D2E28519100AA51EF /* WalletBalanceServiceTests.swift in Sources */ = {isa = PBXBuildFile; fileRef = 92ADBB6C2E28519100AA51EF /* WalletBalanceServiceTests.swift */; };
		92ADBB6F2E28532900AA51EF /* MockBitcoinRateRepository.swift in Sources */ = {isa = PBXBuildFile; fileRef = 92ADBB6E2E28532900AA51EF /* MockBitcoinRateRepository.swift */; };
		92ADBB712E28536600AA51EF /* MockBitcoinRateProvider.swift in Sources */ = {isa = PBXBuildFile; fileRef = 92ADBB702E28536600AA51EF /* MockBitcoinRateProvider.swift */; };
		92ADBB732E28537800AA51EF /* BitcoinRateServiceTests.swift in Sources */ = {isa = PBXBuildFile; fileRef = 92ADBB722E28537800AA51EF /* BitcoinRateServiceTests.swift */; };
		92ADBB752E28C6CB00AA51EF /* AnalyticsEventName.swift in Sources */ = {isa = PBXBuildFile; fileRef = 92ADBB742E28C6CB00AA51EF /* AnalyticsEventName.swift */; };
/* End PBXBuildFile section */

/* Begin PBXContainerItemProxy section */
		1CA3B66C2D22B0F600176711 /* PBXContainerItemProxy */ = {
			isa = PBXContainerItemProxy;
			containerPortal = 1CA3B64A2D22B0F500176711 /* Project object */;
			proxyType = 1;
			remoteGlobalIDString = 1CA3B6512D22B0F500176711;
			remoteInfo = TransactionsTestTask;
		};
		1CA3B6762D22B0F600176711 /* PBXContainerItemProxy */ = {
			isa = PBXContainerItemProxy;
			containerPortal = 1CA3B64A2D22B0F500176711 /* Project object */;
			proxyType = 1;
			remoteGlobalIDString = 1CA3B6512D22B0F500176711;
			remoteInfo = TransactionsTestTask;
		};
/* End PBXContainerItemProxy section */

/* Begin PBXFileReference section */
		0D1540602D22EF5D00D6D63F /* AnalyticsEvent.swift */ = {isa = PBXFileReference; lastKnownFileType = sourcecode.swift; path = AnalyticsEvent.swift; sourceTree = "<group>"; };
		0DF1D13F2D22DC4B001626E7 /* ServicesAssembler.swift */ = {isa = PBXFileReference; lastKnownFileType = sourcecode.swift; path = ServicesAssembler.swift; sourceTree = "<group>"; };
		0DF1D1422D22DCD2001626E7 /* PerformOnce.swift */ = {isa = PBXFileReference; lastKnownFileType = sourcecode.swift; path = PerformOnce.swift; sourceTree = "<group>"; };
		0DF1D1442D22DCFF001626E7 /* BitcoinRateService.swift */ = {isa = PBXFileReference; lastKnownFileType = sourcecode.swift; path = BitcoinRateService.swift; sourceTree = "<group>"; };
		0DF1D1462D22DD44001626E7 /* AnalyticsService.swift */ = {isa = PBXFileReference; lastKnownFileType = sourcecode.swift; path = AnalyticsService.swift; sourceTree = "<group>"; };
		1CA3B6522D22B0F500176711 /* TransactionsTestTask.app */ = {isa = PBXFileReference; explicitFileType = wrapper.application; includeInIndex = 0; path = TransactionsTestTask.app; sourceTree = BUILT_PRODUCTS_DIR; };
		1CA3B6552D22B0F500176711 /* AppDelegate.swift */ = {isa = PBXFileReference; lastKnownFileType = sourcecode.swift; path = AppDelegate.swift; sourceTree = "<group>"; };
		1CA3B6572D22B0F500176711 /* SceneDelegate.swift */ = {isa = PBXFileReference; lastKnownFileType = sourcecode.swift; path = SceneDelegate.swift; sourceTree = "<group>"; };
		1CA3B65F2D22B0F500176711 /* TransactionsTestTask.xcdatamodel */ = {isa = PBXFileReference; lastKnownFileType = wrapper.xcdatamodel; path = TransactionsTestTask.xcdatamodel; sourceTree = "<group>"; };
		1CA3B6612D22B0F600176711 /* Assets.xcassets */ = {isa = PBXFileReference; lastKnownFileType = folder.assetcatalog; path = Assets.xcassets; sourceTree = "<group>"; };
		1CA3B6642D22B0F600176711 /* Base */ = {isa = PBXFileReference; lastKnownFileType = file.storyboard; name = Base; path = Base.lproj/LaunchScreen.storyboard; sourceTree = "<group>"; };
		1CA3B6662D22B0F600176711 /* Info.plist */ = {isa = PBXFileReference; lastKnownFileType = text.plist.xml; path = Info.plist; sourceTree = "<group>"; };
		1CA3B66B2D22B0F600176711 /* TransactionsTestTaskTests.xctest */ = {isa = PBXFileReference; explicitFileType = wrapper.cfbundle; includeInIndex = 0; path = TransactionsTestTaskTests.xctest; sourceTree = BUILT_PRODUCTS_DIR; };
		1CA3B66F2D22B0F600176711 /* TransactionsTestTaskTests.swift */ = {isa = PBXFileReference; lastKnownFileType = sourcecode.swift; path = TransactionsTestTaskTests.swift; sourceTree = "<group>"; };
		1CA3B6752D22B0F600176711 /* TransactionsTestTaskUITests.xctest */ = {isa = PBXFileReference; explicitFileType = wrapper.cfbundle; includeInIndex = 0; path = TransactionsTestTaskUITests.xctest; sourceTree = BUILT_PRODUCTS_DIR; };
		92ADBAC82E23B1EB00AA51EF /* Coordinator.swift */ = {isa = PBXFileReference; lastKnownFileType = sourcecode.swift; path = Coordinator.swift; sourceTree = "<group>"; };
		92ADBACA2E23B22800AA51EF /* AppCoordinator.swift */ = {isa = PBXFileReference; lastKnownFileType = sourcecode.swift; path = AppCoordinator.swift; sourceTree = "<group>"; };
		92ADBACE2E23B36900AA51EF /* WalletViewController.swift */ = {isa = PBXFileReference; lastKnownFileType = sourcecode.swift; path = WalletViewController.swift; sourceTree = "<group>"; };
		92ADBAD02E23B38D00AA51EF /* WalletViewModel.swift */ = {isa = PBXFileReference; lastKnownFileType = sourcecode.swift; path = WalletViewModel.swift; sourceTree = "<group>"; };
		92ADBAD22E23B3C000AA51EF /* WalletView.swift */ = {isa = PBXFileReference; lastKnownFileType = sourcecode.swift; path = WalletView.swift; sourceTree = "<group>"; };
		92ADBAD42E23B40A00AA51EF /* WalletCoordinator.swift */ = {isa = PBXFileReference; lastKnownFileType = sourcecode.swift; path = WalletCoordinator.swift; sourceTree = "<group>"; };
		92ADBAD82E23C6D500AA51EF /* NewTransactionView.swift */ = {isa = PBXFileReference; lastKnownFileType = sourcecode.swift; path = NewTransactionView.swift; sourceTree = "<group>"; };
		92ADBADA2E23C6DE00AA51EF /* NewTransactionViewModel.swift */ = {isa = PBXFileReference; lastKnownFileType = sourcecode.swift; path = NewTransactionViewModel.swift; sourceTree = "<group>"; };
		92ADBADC2E23C6EA00AA51EF /* NewTransactionViewController.swift */ = {isa = PBXFileReference; lastKnownFileType = sourcecode.swift; path = NewTransactionViewController.swift; sourceTree = "<group>"; };
		92ADBADE2E23C6F600AA51EF /* NewTransactionCoordinator.swift */ = {isa = PBXFileReference; lastKnownFileType = sourcecode.swift; path = NewTransactionCoordinator.swift; sourceTree = "<group>"; };
		92ADBAE02E23C95300AA51EF /* BackCoordinating.swift */ = {isa = PBXFileReference; lastKnownFileType = sourcecode.swift; path = BackCoordinating.swift; sourceTree = "<group>"; };
		92ADBAE32E23EEBF00AA51EF /* Colors.xcassets */ = {isa = PBXFileReference; lastKnownFileType = folder.assetcatalog; path = Colors.xcassets; sourceTree = "<group>"; };
		92ADBAE52E23F55100AA51EF /* BitcoinPriceView.swift */ = {isa = PBXFileReference; lastKnownFileType = sourcecode.swift; path = BitcoinPriceView.swift; sourceTree = "<group>"; };
		92ADBAE82E252D6900AA51EF /* TransactionsView.swift */ = {isa = PBXFileReference; lastKnownFileType = sourcecode.swift; path = TransactionsView.swift; sourceTree = "<group>"; };
		92ADBAEA2E25385F00AA51EF /* TransactionCell.swift */ = {isa = PBXFileReference; lastKnownFileType = sourcecode.swift; path = TransactionCell.swift; sourceTree = "<group>"; };
		92ADBAED2E25566800AA51EF /* NetworkService.swift */ = {isa = PBXFileReference; lastKnownFileType = sourcecode.swift; path = NetworkService.swift; sourceTree = "<group>"; };
		92ADBAEF2E25569E00AA51EF /* NetworkError.swift */ = {isa = PBXFileReference; lastKnownFileType = sourcecode.swift; path = NetworkError.swift; sourceTree = "<group>"; };
		92ADBAF12E2556D500AA51EF /* HTTPMethod.swift */ = {isa = PBXFileReference; lastKnownFileType = sourcecode.swift; path = HTTPMethod.swift; sourceTree = "<group>"; };
		92ADBAF32E2556EC00AA51EF /* HTTPHeader.swift */ = {isa = PBXFileReference; lastKnownFileType = sourcecode.swift; path = HTTPHeader.swift; sourceTree = "<group>"; };
		92ADBAF72E25572E00AA51EF /* URLRequest.swift */ = {isa = PBXFileReference; lastKnownFileType = sourcecode.swift; path = URLRequest.swift; sourceTree = "<group>"; };
		92ADBAF92E25576B00AA51EF /* Endpoint.swift */ = {isa = PBXFileReference; lastKnownFileType = sourcecode.swift; path = Endpoint.swift; sourceTree = "<group>"; };
		92ADBAFC2E25582300AA51EF /* BitcoinRateProvider.swift */ = {isa = PBXFileReference; lastKnownFileType = sourcecode.swift; path = BitcoinRateProvider.swift; sourceTree = "<group>"; };
		92ADBAFE2E255A5300AA51EF /* ResponseModel.swift */ = {isa = PBXFileReference; lastKnownFileType = sourcecode.swift; path = ResponseModel.swift; sourceTree = "<group>"; };
		92ADBB012E255DF400AA51EF /* GetBitcoinRate.swift */ = {isa = PBXFileReference; lastKnownFileType = sourcecode.swift; path = GetBitcoinRate.swift; sourceTree = "<group>"; };
		92ADBB052E255E1800AA51EF /* BitcoinRateResponse.swift */ = {isa = PBXFileReference; lastKnownFileType = sourcecode.swift; path = BitcoinRateResponse.swift; sourceTree = "<group>"; };
		92ADBB072E25717A00AA51EF /* Constants.swift */ = {isa = PBXFileReference; lastKnownFileType = sourcecode.swift; path = Constants.swift; sourceTree = "<group>"; };
		92ADBB0A2E257AB200AA51EF /* PaddedTextField.swift */ = {isa = PBXFileReference; lastKnownFileType = sourcecode.swift; path = PaddedTextField.swift; sourceTree = "<group>"; };
		92ADBB0D2E2599E700AA51EF /* UITextField.swift */ = {isa = PBXFileReference; lastKnownFileType = sourcecode.swift; path = UITextField.swift; sourceTree = "<group>"; };
		92ADBB282E267ED900AA51EF /* CoreDataStack.swift */ = {isa = PBXFileReference; lastKnownFileType = sourcecode.swift; path = CoreDataStack.swift; sourceTree = "<group>"; };
		92ADBB2A2E267F2100AA51EF /* TransactionRepository.swift */ = {isa = PBXFileReference; lastKnownFileType = sourcecode.swift; path = TransactionRepository.swift; sourceTree = "<group>"; };
		92ADBB2C2E2699C800AA51EF /* TransactionEntity+CoreDataClass.swift */ = {isa = PBXFileReference; lastKnownFileType = sourcecode.swift; name = "TransactionEntity+CoreDataClass.swift"; path = "../../../../Entities/TransactionEntity+CoreDataClass.swift"; sourceTree = "<group>"; };
		92ADBB2D2E2699C800AA51EF /* TransactionEntity+CoreDataProperties.swift */ = {isa = PBXFileReference; lastKnownFileType = sourcecode.swift; name = "TransactionEntity+CoreDataProperties.swift"; path = "../../../../Entities/TransactionEntity+CoreDataProperties.swift"; sourceTree = "<group>"; };
		92ADBB302E26A38100AA51EF /* TransactionUIModel.swift */ = {isa = PBXFileReference; lastKnownFileType = sourcecode.swift; path = TransactionUIModel.swift; sourceTree = "<group>"; };
		92ADBB322E26ACB200AA51EF /* TransactionMapper.swift */ = {isa = PBXFileReference; lastKnownFileType = sourcecode.swift; path = TransactionMapper.swift; sourceTree = "<group>"; };
		92ADBB342E26B19100AA51EF /* TransactionType.swift */ = {isa = PBXFileReference; lastKnownFileType = sourcecode.swift; path = TransactionType.swift; sourceTree = "<group>"; };
		92ADBB372E26C89F00AA51EF /* MockedTransactionsConfigurator.swift */ = {isa = PBXFileReference; lastKnownFileType = sourcecode.swift; path = MockedTransactionsConfigurator.swift; sourceTree = "<group>"; };
		92ADBB392E26CB8700AA51EF /* Date.swift */ = {isa = PBXFileReference; lastKnownFileType = sourcecode.swift; path = Date.swift; sourceTree = "<group>"; };
		92ADBB3B2E26CBA700AA51EF /* Double.swift */ = {isa = PBXFileReference; lastKnownFileType = sourcecode.swift; path = Double.swift; sourceTree = "<group>"; };
		92ADBB3D2E26CBE000AA51EF /* TransactionExpenseCategory.swift */ = {isa = PBXFileReference; lastKnownFileType = sourcecode.swift; path = TransactionExpenseCategory.swift; sourceTree = "<group>"; };
		92ADBB432E26D32D00AA51EF /* BitcoinRateEntity+CoreDataClass.swift */ = {isa = PBXFileReference; lastKnownFileType = sourcecode.swift; name = "BitcoinRateEntity+CoreDataClass.swift"; path = "../../../../BitcoinRateEntity/BitcoinRateEntity+CoreDataClass.swift"; sourceTree = "<group>"; };
		92ADBB442E26D32D00AA51EF /* BitcoinRateEntity+CoreDataProperties.swift */ = {isa = PBXFileReference; lastKnownFileType = sourcecode.swift; name = "BitcoinRateEntity+CoreDataProperties.swift"; path = "../../../../BitcoinRateEntity/BitcoinRateEntity+CoreDataProperties.swift"; sourceTree = "<group>"; };
		92ADBB472E26D38900AA51EF /* WalletBalanceEntity+CoreDataClass.swift */ = {isa = PBXFileReference; lastKnownFileType = sourcecode.swift; name = "WalletBalanceEntity+CoreDataClass.swift"; path = "../../../../WalletBalanceEntity/WalletBalanceEntity+CoreDataClass.swift"; sourceTree = "<group>"; };
		92ADBB482E26D38900AA51EF /* WalletBalanceEntity+CoreDataProperties.swift */ = {isa = PBXFileReference; lastKnownFileType = sourcecode.swift; name = "WalletBalanceEntity+CoreDataProperties.swift"; path = "../../../../WalletBalanceEntity/WalletBalanceEntity+CoreDataProperties.swift"; sourceTree = "<group>"; };
		92ADBB4C2E26D97500AA51EF /* BitcoinRateRepository.swift */ = {isa = PBXFileReference; lastKnownFileType = sourcecode.swift; path = BitcoinRateRepository.swift; sourceTree = "<group>"; };
		92ADBB562E26EB9500AA51EF /* WalletBalanceRepository.swift */ = {isa = PBXFileReference; lastKnownFileType = sourcecode.swift; path = WalletBalanceRepository.swift; sourceTree = "<group>"; };
		92ADBB592E26ECE700AA51EF /* WalletBalanceService.swift */ = {isa = PBXFileReference; lastKnownFileType = sourcecode.swift; path = WalletBalanceService.swift; sourceTree = "<group>"; };
		92ADBB5B2E27F27100AA51EF /* String.swift */ = {isa = PBXFileReference; lastKnownFileType = sourcecode.swift; path = String.swift; sourceTree = "<group>"; };
		92ADBB5D2E28024B00AA51EF /* TransactionModel.swift */ = {isa = PBXFileReference; lastKnownFileType = sourcecode.swift; path = TransactionModel.swift; sourceTree = "<group>"; };
		92ADBB5F2E28220000AA51EF /* AlertBuilder.swift */ = {isa = PBXFileReference; lastKnownFileType = sourcecode.swift; path = AlertBuilder.swift; sourceTree = "<group>"; };
		92ADBB612E283A1C00AA51EF /* Localizable.xcstrings */ = {isa = PBXFileReference; lastKnownFileType = text.json.xcstrings; path = Localizable.xcstrings; sourceTree = "<group>"; };
		92ADBB652E284C4700AA51EF /* AnalyticsServiceTests.swift */ = {isa = PBXFileReference; lastKnownFileType = sourcecode.swift; path = AnalyticsServiceTests.swift; sourceTree = "<group>"; };
		92ADBB6A2E28512700AA51EF /* MockWalletBalanceRepository.swift */ = {isa = PBXFileReference; lastKnownFileType = sourcecode.swift; path = MockWalletBalanceRepository.swift; sourceTree = "<group>"; };
		92ADBB6C2E28519100AA51EF /* WalletBalanceServiceTests.swift */ = {isa = PBXFileReference; lastKnownFileType = sourcecode.swift; path = WalletBalanceServiceTests.swift; sourceTree = "<group>"; };
		92ADBB6E2E28532900AA51EF /* MockBitcoinRateRepository.swift */ = {isa = PBXFileReference; lastKnownFileType = sourcecode.swift; path = MockBitcoinRateRepository.swift; sourceTree = "<group>"; };
		92ADBB702E28536600AA51EF /* MockBitcoinRateProvider.swift */ = {isa = PBXFileReference; lastKnownFileType = sourcecode.swift; path = MockBitcoinRateProvider.swift; sourceTree = "<group>"; };
		92ADBB722E28537800AA51EF /* BitcoinRateServiceTests.swift */ = {isa = PBXFileReference; lastKnownFileType = sourcecode.swift; path = BitcoinRateServiceTests.swift; sourceTree = "<group>"; };
		92ADBB742E28C6CB00AA51EF /* AnalyticsEventName.swift */ = {isa = PBXFileReference; lastKnownFileType = sourcecode.swift; path = AnalyticsEventName.swift; sourceTree = "<group>"; };
/* End PBXFileReference section */

/* Begin PBXFrameworksBuildPhase section */
		1CA3B64F2D22B0F500176711 /* Frameworks */ = {
			isa = PBXFrameworksBuildPhase;
			buildActionMask = 2147483647;
			files = (
			);
			runOnlyForDeploymentPostprocessing = 0;
		};
		1CA3B6682D22B0F600176711 /* Frameworks */ = {
			isa = PBXFrameworksBuildPhase;
			buildActionMask = 2147483647;
			files = (
			);
			runOnlyForDeploymentPostprocessing = 0;
		};
		1CA3B6722D22B0F600176711 /* Frameworks */ = {
			isa = PBXFrameworksBuildPhase;
			buildActionMask = 2147483647;
			files = (
			);
			runOnlyForDeploymentPostprocessing = 0;
		};
/* End PBXFrameworksBuildPhase section */

/* Begin PBXGroup section */
		0D15405F2D22EF3400D6D63F /* AnalyticsService */ = {
			isa = PBXGroup;
			children = (
				92ADBB742E28C6CB00AA51EF /* AnalyticsEventName.swift */,
				0DF1D1462D22DD44001626E7 /* AnalyticsService.swift */,
				0D1540602D22EF5D00D6D63F /* AnalyticsEvent.swift */,
			);
			path = AnalyticsService;
			sourceTree = "<group>";
		};
		0DF1D13E2D22DC2D001626E7 /* Services */ = {
			isa = PBXGroup;
			children = (
				92ADBAEC2E25562100AA51EF /* Networking */,
				92ADBB552E26EB8200AA51EF /* Repositories */,
				0DF1D1412D22DCC3001626E7 /* Helpers */,
				0D15405F2D22EF3400D6D63F /* AnalyticsService */,
				92ADBB582E26ECD600AA51EF /* WalletBalance */,
				92ADBB4B2E26D94A00AA51EF /* BitcoinRate */,
				0DF1D13F2D22DC4B001626E7 /* ServicesAssembler.swift */,
			);
			path = Services;
			sourceTree = "<group>";
		};
		0DF1D1412D22DCC3001626E7 /* Helpers */ = {
			isa = PBXGroup;
			children = (
				92ADBB672E28511400AA51EF /* Mocks */,
				92ADBB5F2E28220000AA51EF /* AlertBuilder.swift */,
				92ADBB372E26C89F00AA51EF /* MockedTransactionsConfigurator.swift */,
				0DF1D1422D22DCD2001626E7 /* PerformOnce.swift */,
				92ADBB4E2E26E3F800AA51EF /* Mappers */,
			);
			path = Helpers;
			sourceTree = "<group>";
		};
		1CA3B6492D22B0F500176711 = {
			isa = PBXGroup;
			children = (
				1CA3B6542D22B0F500176711 /* TransactionsTestTask */,
				1CA3B66E2D22B0F600176711 /* TransactionsTestTaskTests */,
				1CA3B6532D22B0F500176711 /* Products */,
			);
			sourceTree = "<group>";
		};
		1CA3B6532D22B0F500176711 /* Products */ = {
			isa = PBXGroup;
			children = (
				1CA3B6522D22B0F500176711 /* TransactionsTestTask.app */,
				1CA3B66B2D22B0F600176711 /* TransactionsTestTaskTests.xctest */,
				1CA3B6752D22B0F600176711 /* TransactionsTestTaskUITests.xctest */,
			);
			name = Products;
			sourceTree = "<group>";
		};
		1CA3B6542D22B0F500176711 /* TransactionsTestTask */ = {
			isa = PBXGroup;
			children = (
				92ADBAD62E23C50700AA51EF /* App */,
				92ADBACD2E23B2CE00AA51EF /* Wallet */,
				92ADBACC2E23B2C000AA51EF /* NewTransaction */,
				0DF1D13E2D22DC2D001626E7 /* Services */,
				92ADBB4F2E26E46E00AA51EF /* CoreData */,
				92ADBAD72E23C50F00AA51EF /* Protocols */,
				92ADBB092E257AAC00AA51EF /* Views */,
				92ADBB362E26B19800AA51EF /* Models */,
				92ADBB0C2E2599D700AA51EF /* Extensions */,
				92ADBAE22E23EEAB00AA51EF /* Resources */,
				1CA3B6662D22B0F600176711 /* Info.plist */,
			);
			path = TransactionsTestTask;
			sourceTree = "<group>";
		};
		1CA3B66E2D22B0F600176711 /* TransactionsTestTaskTests */ = {
			isa = PBXGroup;
			children = (
				1CA3B66F2D22B0F600176711 /* TransactionsTestTaskTests.swift */,
				92ADBB652E284C4700AA51EF /* AnalyticsServiceTests.swift */,
				92ADBB6C2E28519100AA51EF /* WalletBalanceServiceTests.swift */,
				92ADBB722E28537800AA51EF /* BitcoinRateServiceTests.swift */,
			);
			path = TransactionsTestTaskTests;
			sourceTree = "<group>";
		};
		92ADBACC2E23B2C000AA51EF /* NewTransaction */ = {
			isa = PBXGroup;
			children = (
				92ADBAD82E23C6D500AA51EF /* NewTransactionView.swift */,
				92ADBADA2E23C6DE00AA51EF /* NewTransactionViewModel.swift */,
				92ADBADC2E23C6EA00AA51EF /* NewTransactionViewController.swift */,
				92ADBADE2E23C6F600AA51EF /* NewTransactionCoordinator.swift */,
			);
			path = NewTransaction;
			sourceTree = "<group>";
		};
		92ADBACD2E23B2CE00AA51EF /* Wallet */ = {
			isa = PBXGroup;
			children = (
				92ADBB0F2E259BBD00AA51EF /* Models */,
				92ADBAE72E23F58200AA51EF /* Subiews */,
				92ADBAD22E23B3C000AA51EF /* WalletView.swift */,
				92ADBAD02E23B38D00AA51EF /* WalletViewModel.swift */,
				92ADBACE2E23B36900AA51EF /* WalletViewController.swift */,
				92ADBAD42E23B40A00AA51EF /* WalletCoordinator.swift */,
			);
			path = Wallet;
			sourceTree = "<group>";
		};
		92ADBAD62E23C50700AA51EF /* App */ = {
			isa = PBXGroup;
			children = (
				1CA3B6572D22B0F500176711 /* SceneDelegate.swift */,
				92ADBACA2E23B22800AA51EF /* AppCoordinator.swift */,
				1CA3B6552D22B0F500176711 /* AppDelegate.swift */,
				92ADBB072E25717A00AA51EF /* Constants.swift */,
				1CA3B6632D22B0F600176711 /* LaunchScreen.storyboard */,
			);
			path = App;
			sourceTree = "<group>";
		};
		92ADBAD72E23C50F00AA51EF /* Protocols */ = {
			isa = PBXGroup;
			children = (
				92ADBAC82E23B1EB00AA51EF /* Coordinator.swift */,
				92ADBAE02E23C95300AA51EF /* BackCoordinating.swift */,
			);
			path = Protocols;
			sourceTree = "<group>";
		};
		92ADBAE22E23EEAB00AA51EF /* Resources */ = {
			isa = PBXGroup;
			children = (
				1CA3B6612D22B0F600176711 /* Assets.xcassets */,
				92ADBAE32E23EEBF00AA51EF /* Colors.xcassets */,
				92ADBB612E283A1C00AA51EF /* Localizable.xcstrings */,
			);
			path = Resources;
			sourceTree = "<group>";
		};
		92ADBAE72E23F58200AA51EF /* Subiews */ = {
			isa = PBXGroup;
			children = (
				92ADBAE52E23F55100AA51EF /* BitcoinPriceView.swift */,
				92ADBAE82E252D6900AA51EF /* TransactionsView.swift */,
				92ADBAEA2E25385F00AA51EF /* TransactionCell.swift */,
			);
			path = Subiews;
			sourceTree = "<group>";
		};
		92ADBAEC2E25562100AA51EF /* Networking */ = {
			isa = PBXGroup;
			children = (
				92ADBAF52E25570200AA51EF /* HTTPComponents */,
				92ADBB542E26E65B00AA51EF /* Models */,
				92ADBAF62E25572100AA51EF /* Extensions */,
				92ADBAED2E25566800AA51EF /* NetworkService.swift */,
				92ADBAEF2E25569E00AA51EF /* NetworkError.swift */,
				92ADBAF92E25576B00AA51EF /* Endpoint.swift */,
			);
			path = Networking;
			sourceTree = "<group>";
		};
		92ADBAF52E25570200AA51EF /* HTTPComponents */ = {
			isa = PBXGroup;
			children = (
				92ADBAF32E2556EC00AA51EF /* HTTPHeader.swift */,
				92ADBAF12E2556D500AA51EF /* HTTPMethod.swift */,
			);
			path = HTTPComponents;
			sourceTree = "<group>";
		};
		92ADBAF62E25572100AA51EF /* Extensions */ = {
			isa = PBXGroup;
			children = (
				92ADBAF72E25572E00AA51EF /* URLRequest.swift */,
			);
			path = Extensions;
			sourceTree = "<group>";
		};
		92ADBAFB2E25581600AA51EF /* Provider */ = {
			isa = PBXGroup;
			children = (
				92ADBB042E255E1000AA51EF /* Models */,
				92ADBB002E255DEA00AA51EF /* Endpoints */,
				92ADBAFC2E25582300AA51EF /* BitcoinRateProvider.swift */,
			);
			path = Provider;
			sourceTree = "<group>";
		};
		92ADBB002E255DEA00AA51EF /* Endpoints */ = {
			isa = PBXGroup;
			children = (
				92ADBB012E255DF400AA51EF /* GetBitcoinRate.swift */,
			);
			path = Endpoints;
			sourceTree = "<group>";
		};
		92ADBB042E255E1000AA51EF /* Models */ = {
			isa = PBXGroup;
			children = (
				92ADBB052E255E1800AA51EF /* BitcoinRateResponse.swift */,
			);
			path = Models;
			sourceTree = "<group>";
		};
		92ADBB092E257AAC00AA51EF /* Views */ = {
			isa = PBXGroup;
			children = (
				92ADBB0A2E257AB200AA51EF /* PaddedTextField.swift */,
			);
			path = Views;
			sourceTree = "<group>";
		};
		92ADBB0C2E2599D700AA51EF /* Extensions */ = {
			isa = PBXGroup;
			children = (
				92ADBB0D2E2599E700AA51EF /* UITextField.swift */,
				92ADBB392E26CB8700AA51EF /* Date.swift */,
				92ADBB3B2E26CBA700AA51EF /* Double.swift */,
				92ADBB5B2E27F27100AA51EF /* String.swift */,
			);
			path = Extensions;
			sourceTree = "<group>";
		};
		92ADBB0F2E259BBD00AA51EF /* Models */ = {
			isa = PBXGroup;
			children = (
				92ADBB302E26A38100AA51EF /* TransactionUIModel.swift */,
			);
			path = Models;
			sourceTree = "<group>";
		};
		92ADBB362E26B19800AA51EF /* Models */ = {
			isa = PBXGroup;
			children = (
				92ADBB5D2E28024B00AA51EF /* TransactionModel.swift */,
				92ADBB3D2E26CBE000AA51EF /* TransactionExpenseCategory.swift */,
				92ADBB342E26B19100AA51EF /* TransactionType.swift */,
			);
			path = Models;
			sourceTree = "<group>";
		};
		92ADBB4B2E26D94A00AA51EF /* BitcoinRate */ = {
			isa = PBXGroup;
			children = (
				92ADBAFB2E25581600AA51EF /* Provider */,
				0DF1D1442D22DCFF001626E7 /* BitcoinRateService.swift */,
			);
			path = BitcoinRate;
			sourceTree = "<group>";
		};
		92ADBB4E2E26E3F800AA51EF /* Mappers */ = {
			isa = PBXGroup;
			children = (
				92ADBB322E26ACB200AA51EF /* TransactionMapper.swift */,
			);
			path = Mappers;
			sourceTree = "<group>";
		};
		92ADBB4F2E26E46E00AA51EF /* CoreData */ = {
			isa = PBXGroup;
			children = (
				92ADBB502E26E4EE00AA51EF /* Entities */,
				92ADBB282E267ED900AA51EF /* CoreDataStack.swift */,
				1CA3B65E2D22B0F500176711 /* TransactionsTestTask.xcdatamodeld */,
			);
			path = CoreData;
			sourceTree = "<group>";
		};
		92ADBB502E26E4EE00AA51EF /* Entities */ = {
			isa = PBXGroup;
			children = (
				92ADBB532E26E54800AA51EF /* WalletBalance */,
				92ADBB522E26E53800AA51EF /* Transaction */,
				92ADBB512E26E4F900AA51EF /* BitcoinRate */,
			);
			path = Entities;
			sourceTree = "<group>";
		};
		92ADBB512E26E4F900AA51EF /* BitcoinRate */ = {
			isa = PBXGroup;
			children = (
				92ADBB432E26D32D00AA51EF /* BitcoinRateEntity+CoreDataClass.swift */,
				92ADBB442E26D32D00AA51EF /* BitcoinRateEntity+CoreDataProperties.swift */,
			);
			path = BitcoinRate;
			sourceTree = "<group>";
		};
		92ADBB522E26E53800AA51EF /* Transaction */ = {
			isa = PBXGroup;
			children = (
				92ADBB2C2E2699C800AA51EF /* TransactionEntity+CoreDataClass.swift */,
				92ADBB2D2E2699C800AA51EF /* TransactionEntity+CoreDataProperties.swift */,
			);
			path = Transaction;
			sourceTree = "<group>";
		};
		92ADBB532E26E54800AA51EF /* WalletBalance */ = {
			isa = PBXGroup;
			children = (
				92ADBB472E26D38900AA51EF /* WalletBalanceEntity+CoreDataClass.swift */,
				92ADBB482E26D38900AA51EF /* WalletBalanceEntity+CoreDataProperties.swift */,
			);
			path = WalletBalance;
			sourceTree = "<group>";
		};
		92ADBB542E26E65B00AA51EF /* Models */ = {
			isa = PBXGroup;
			children = (
				92ADBAFE2E255A5300AA51EF /* ResponseModel.swift */,
			);
			path = Models;
			sourceTree = "<group>";
		};
		92ADBB552E26EB8200AA51EF /* Repositories */ = {
			isa = PBXGroup;
			children = (
				92ADBB4C2E26D97500AA51EF /* BitcoinRateRepository.swift */,
				92ADBB562E26EB9500AA51EF /* WalletBalanceRepository.swift */,
				92ADBB2A2E267F2100AA51EF /* TransactionRepository.swift */,
			);
			path = Repositories;
			sourceTree = "<group>";
		};
		92ADBB582E26ECD600AA51EF /* WalletBalance */ = {
			isa = PBXGroup;
			children = (
				92ADBB592E26ECE700AA51EF /* WalletBalanceService.swift */,
			);
			path = WalletBalance;
			sourceTree = "<group>";
		};
		92ADBB672E28511400AA51EF /* Mocks */ = {
			isa = PBXGroup;
			children = (
				92ADBB702E28536600AA51EF /* MockBitcoinRateProvider.swift */,
				92ADBB6E2E28532900AA51EF /* MockBitcoinRateRepository.swift */,
				92ADBB6A2E28512700AA51EF /* MockWalletBalanceRepository.swift */,
			);
			path = Mocks;
			sourceTree = "<group>";
		};
/* End PBXGroup section */

/* Begin PBXNativeTarget section */
		1CA3B6512D22B0F500176711 /* TransactionsTestTask */ = {
			isa = PBXNativeTarget;
			buildConfigurationList = 1CA3B67F2D22B0F600176711 /* Build configuration list for PBXNativeTarget "TransactionsTestTask" */;
			buildPhases = (
				1CA3B64E2D22B0F500176711 /* Sources */,
				1CA3B64F2D22B0F500176711 /* Frameworks */,
				1CA3B6502D22B0F500176711 /* Resources */,
			);
			buildRules = (
			);
			dependencies = (
			);
			name = TransactionsTestTask;
			productName = TransactionsTestTask;
			productReference = 1CA3B6522D22B0F500176711 /* TransactionsTestTask.app */;
			productType = "com.apple.product-type.application";
		};
		1CA3B66A2D22B0F600176711 /* TransactionsTestTaskTests */ = {
			isa = PBXNativeTarget;
			buildConfigurationList = 1CA3B6822D22B0F600176711 /* Build configuration list for PBXNativeTarget "TransactionsTestTaskTests" */;
			buildPhases = (
				1CA3B6672D22B0F600176711 /* Sources */,
				1CA3B6682D22B0F600176711 /* Frameworks */,
				1CA3B6692D22B0F600176711 /* Resources */,
			);
			buildRules = (
			);
			dependencies = (
				1CA3B66D2D22B0F600176711 /* PBXTargetDependency */,
			);
			name = TransactionsTestTaskTests;
			productName = TransactionsTestTaskTests;
			productReference = 1CA3B66B2D22B0F600176711 /* TransactionsTestTaskTests.xctest */;
			productType = "com.apple.product-type.bundle.unit-test";
		};
		1CA3B6742D22B0F600176711 /* TransactionsTestTaskUITests */ = {
			isa = PBXNativeTarget;
			buildConfigurationList = 1CA3B6852D22B0F600176711 /* Build configuration list for PBXNativeTarget "TransactionsTestTaskUITests" */;
			buildPhases = (
				1CA3B6712D22B0F600176711 /* Sources */,
				1CA3B6722D22B0F600176711 /* Frameworks */,
				1CA3B6732D22B0F600176711 /* Resources */,
			);
			buildRules = (
			);
			dependencies = (
				1CA3B6772D22B0F600176711 /* PBXTargetDependency */,
			);
			name = TransactionsTestTaskUITests;
			productName = TransactionsTestTaskUITests;
			productReference = 1CA3B6752D22B0F600176711 /* TransactionsTestTaskUITests.xctest */;
			productType = "com.apple.product-type.bundle.ui-testing";
		};
/* End PBXNativeTarget section */

/* Begin PBXProject section */
		1CA3B64A2D22B0F500176711 /* Project object */ = {
			isa = PBXProject;
			attributes = {
				BuildIndependentTargetsInParallel = 1;
				LastSwiftUpdateCheck = 1540;
				LastUpgradeCheck = 1540;
				TargetAttributes = {
					1CA3B6512D22B0F500176711 = {
						CreatedOnToolsVersion = 15.4;
					};
					1CA3B66A2D22B0F600176711 = {
						CreatedOnToolsVersion = 15.4;
						TestTargetID = 1CA3B6512D22B0F500176711;
					};
					1CA3B6742D22B0F600176711 = {
						CreatedOnToolsVersion = 15.4;
						TestTargetID = 1CA3B6512D22B0F500176711;
					};
				};
			};
			buildConfigurationList = 1CA3B64D2D22B0F500176711 /* Build configuration list for PBXProject "TransactionsTestTask" */;
			compatibilityVersion = "Xcode 14.0";
			developmentRegion = en;
			hasScannedForEncodings = 0;
			knownRegions = (
				en,
				Base,
			);
			mainGroup = 1CA3B6492D22B0F500176711;
			productRefGroup = 1CA3B6532D22B0F500176711 /* Products */;
			projectDirPath = "";
			projectRoot = "";
			targets = (
				1CA3B6512D22B0F500176711 /* TransactionsTestTask */,
				1CA3B66A2D22B0F600176711 /* TransactionsTestTaskTests */,
				1CA3B6742D22B0F600176711 /* TransactionsTestTaskUITests */,
			);
		};
/* End PBXProject section */

/* Begin PBXResourcesBuildPhase section */
		1CA3B6502D22B0F500176711 /* Resources */ = {
			isa = PBXResourcesBuildPhase;
			buildActionMask = 2147483647;
			files = (
				92ADBAE42E23EEBF00AA51EF /* Colors.xcassets in Resources */,
				1CA3B6622D22B0F600176711 /* Assets.xcassets in Resources */,
				92ADBB622E283A1D00AA51EF /* Localizable.xcstrings in Resources */,
				1CA3B6652D22B0F600176711 /* Base in Resources */,
			);
			runOnlyForDeploymentPostprocessing = 0;
		};
		1CA3B6692D22B0F600176711 /* Resources */ = {
			isa = PBXResourcesBuildPhase;
			buildActionMask = 2147483647;
			files = (
			);
			runOnlyForDeploymentPostprocessing = 0;
		};
		1CA3B6732D22B0F600176711 /* Resources */ = {
			isa = PBXResourcesBuildPhase;
			buildActionMask = 2147483647;
			files = (
			);
			runOnlyForDeploymentPostprocessing = 0;
		};
/* End PBXResourcesBuildPhase section */

/* Begin PBXSourcesBuildPhase section */
		1CA3B64E2D22B0F500176711 /* Sources */ = {
			isa = PBXSourcesBuildPhase;
			buildActionMask = 2147483647;
			files = (
				92ADBACB2E23B22800AA51EF /* AppCoordinator.swift in Sources */,
				0D1540612D22EF5D00D6D63F /* AnalyticsEvent.swift in Sources */,
				92ADBAEE2E25566800AA51EF /* NetworkService.swift in Sources */,
				92ADBB2E2E2699C800AA51EF /* TransactionEntity+CoreDataClass.swift in Sources */,
				92ADBB5A2E26ECE700AA51EF /* WalletBalanceService.swift in Sources */,
				92ADBB2F2E2699C800AA51EF /* TransactionEntity+CoreDataProperties.swift in Sources */,
				92ADBAD12E23B38D00AA51EF /* WalletViewModel.swift in Sources */,
				92ADBAD32E23B3C000AA51EF /* WalletView.swift in Sources */,
				92ADBADB2E23C6DE00AA51EF /* NewTransactionViewModel.swift in Sources */,
				0DF1D1432D22DCD8001626E7 /* PerformOnce.swift in Sources */,
				92ADBADD2E23C6EA00AA51EF /* NewTransactionViewController.swift in Sources */,
				92ADBAF22E2556D500AA51EF /* HTTPMethod.swift in Sources */,
				92ADBB022E255DF400AA51EF /* GetBitcoinRate.swift in Sources */,
				92ADBAFD2E25582300AA51EF /* BitcoinRateProvider.swift in Sources */,
				92ADBB312E26A38100AA51EF /* TransactionUIModel.swift in Sources */,
				92ADBB4D2E26D97500AA51EF /* BitcoinRateRepository.swift in Sources */,
				92ADBB492E26D38900AA51EF /* WalletBalanceEntity+CoreDataClass.swift in Sources */,
				92ADBB4A2E26D38900AA51EF /* WalletBalanceEntity+CoreDataProperties.swift in Sources */,
				92ADBAE62E23F55100AA51EF /* BitcoinPriceView.swift in Sources */,
				92ADBAF02E25569E00AA51EF /* NetworkError.swift in Sources */,
				92ADBAC92E23B1EB00AA51EF /* Coordinator.swift in Sources */,
				0DF1D1452D22DD06001626E7 /* BitcoinRateService.swift in Sources */,
				92ADBACF2E23B36900AA51EF /* WalletViewController.swift in Sources */,
				92ADBB3A2E26CB8700AA51EF /* Date.swift in Sources */,
				92ADBB292E267EDA00AA51EF /* CoreDataStack.swift in Sources */,
				92ADBB2B2E267F2100AA51EF /* TransactionRepository.swift in Sources */,
				92ADBB752E28C6CB00AA51EF /* AnalyticsEventName.swift in Sources */,
				92ADBB6F2E28532900AA51EF /* MockBitcoinRateRepository.swift in Sources */,
				92ADBB3E2E26CBE000AA51EF /* TransactionExpenseCategory.swift in Sources */,
				92ADBB0E2E2599E700AA51EF /* UITextField.swift in Sources */,
				92ADBB572E26EB9500AA51EF /* WalletBalanceRepository.swift in Sources */,
				92ADBAFA2E25576B00AA51EF /* Endpoint.swift in Sources */,
				92ADBB5C2E27F27100AA51EF /* String.swift in Sources */,
				0DF1D1472D22DD4A001626E7 /* AnalyticsService.swift in Sources */,
				92ADBAEB2E25385F00AA51EF /* TransactionCell.swift in Sources */,
				92ADBB0B2E257AB200AA51EF /* PaddedTextField.swift in Sources */,
				92ADBAF82E25572E00AA51EF /* URLRequest.swift in Sources */,
				92ADBAF42E2556EC00AA51EF /* HTTPHeader.swift in Sources */,
				92ADBB602E28220000AA51EF /* AlertBuilder.swift in Sources */,
				1CA3B6562D22B0F500176711 /* AppDelegate.swift in Sources */,
				92ADBB382E26C89F00AA51EF /* MockedTransactionsConfigurator.swift in Sources */,
				92ADBAE12E23C95300AA51EF /* BackCoordinating.swift in Sources */,
				92ADBB082E25717A00AA51EF /* Constants.swift in Sources */,
				92ADBADF2E23C6F600AA51EF /* NewTransactionCoordinator.swift in Sources */,
				1CA3B6582D22B0F500176711 /* SceneDelegate.swift in Sources */,
				1CA3B6602D22B0F500176711 /* TransactionsTestTask.xcdatamodeld in Sources */,
				92ADBB352E26B19100AA51EF /* TransactionType.swift in Sources */,
				92ADBAD92E23C6D500AA51EF /* NewTransactionView.swift in Sources */,
				92ADBB5E2E28024B00AA51EF /* TransactionModel.swift in Sources */,
				0DF1D1402D22DC51001626E7 /* ServicesAssembler.swift in Sources */,
				92ADBAD52E23B40A00AA51EF /* WalletCoordinator.swift in Sources */,
				92ADBAFF2E255A5300AA51EF /* ResponseModel.swift in Sources */,
				92ADBAE92E252D6900AA51EF /* TransactionsView.swift in Sources */,
				92ADBB712E28536600AA51EF /* MockBitcoinRateProvider.swift in Sources */,
				92ADBB452E26D32D00AA51EF /* BitcoinRateEntity+CoreDataClass.swift in Sources */,
				92ADBB462E26D32D00AA51EF /* BitcoinRateEntity+CoreDataProperties.swift in Sources */,
				92ADBB062E255E1800AA51EF /* BitcoinRateResponse.swift in Sources */,
				92ADBB6B2E28512700AA51EF /* MockWalletBalanceRepository.swift in Sources */,
				92ADBB3C2E26CBA700AA51EF /* Double.swift in Sources */,
				92ADBB332E26ACB200AA51EF /* TransactionMapper.swift in Sources */,
			);
			runOnlyForDeploymentPostprocessing = 0;
		};
		1CA3B6672D22B0F600176711 /* Sources */ = {
			isa = PBXSourcesBuildPhase;
			buildActionMask = 2147483647;
			files = (
				92ADBB732E28537800AA51EF /* BitcoinRateServiceTests.swift in Sources */,
				92ADBB662E284C4700AA51EF /* AnalyticsServiceTests.swift in Sources */,
				92ADBB6D2E28519100AA51EF /* WalletBalanceServiceTests.swift in Sources */,
				1CA3B6702D22B0F600176711 /* TransactionsTestTaskTests.swift in Sources */,
			);
			runOnlyForDeploymentPostprocessing = 0;
		};
		1CA3B6712D22B0F600176711 /* Sources */ = {
			isa = PBXSourcesBuildPhase;
			buildActionMask = 2147483647;
			files = (
			);
			runOnlyForDeploymentPostprocessing = 0;
		};
/* End PBXSourcesBuildPhase section */

/* Begin PBXTargetDependency section */
		1CA3B66D2D22B0F600176711 /* PBXTargetDependency */ = {
			isa = PBXTargetDependency;
			target = 1CA3B6512D22B0F500176711 /* TransactionsTestTask */;
			targetProxy = 1CA3B66C2D22B0F600176711 /* PBXContainerItemProxy */;
		};
		1CA3B6772D22B0F600176711 /* PBXTargetDependency */ = {
			isa = PBXTargetDependency;
			target = 1CA3B6512D22B0F500176711 /* TransactionsTestTask */;
			targetProxy = 1CA3B6762D22B0F600176711 /* PBXContainerItemProxy */;
		};
/* End PBXTargetDependency section */

/* Begin PBXVariantGroup section */
		1CA3B6632D22B0F600176711 /* LaunchScreen.storyboard */ = {
			isa = PBXVariantGroup;
			children = (
				1CA3B6642D22B0F600176711 /* Base */,
			);
			name = LaunchScreen.storyboard;
			sourceTree = "<group>";
		};
/* End PBXVariantGroup section */

/* Begin XCBuildConfiguration section */
		1CA3B67D2D22B0F600176711 /* Debug */ = {
			isa = XCBuildConfiguration;
			buildSettings = {
				ALWAYS_SEARCH_USER_PATHS = NO;
				ASSETCATALOG_COMPILER_GENERATE_SWIFT_ASSET_SYMBOL_EXTENSIONS = YES;
				CLANG_ANALYZER_NONNULL = YES;
				CLANG_ANALYZER_NUMBER_OBJECT_CONVERSION = YES_AGGRESSIVE;
				CLANG_CXX_LANGUAGE_STANDARD = "gnu++20";
				CLANG_ENABLE_MODULES = YES;
				CLANG_ENABLE_OBJC_ARC = YES;
				CLANG_ENABLE_OBJC_WEAK = YES;
				CLANG_WARN_BLOCK_CAPTURE_AUTORELEASING = YES;
				CLANG_WARN_BOOL_CONVERSION = YES;
				CLANG_WARN_COMMA = YES;
				CLANG_WARN_CONSTANT_CONVERSION = YES;
				CLANG_WARN_DEPRECATED_OBJC_IMPLEMENTATIONS = YES;
				CLANG_WARN_DIRECT_OBJC_ISA_USAGE = YES_ERROR;
				CLANG_WARN_DOCUMENTATION_COMMENTS = YES;
				CLANG_WARN_EMPTY_BODY = YES;
				CLANG_WARN_ENUM_CONVERSION = YES;
				CLANG_WARN_INFINITE_RECURSION = YES;
				CLANG_WARN_INT_CONVERSION = YES;
				CLANG_WARN_NON_LITERAL_NULL_CONVERSION = YES;
				CLANG_WARN_OBJC_IMPLICIT_RETAIN_SELF = YES;
				CLANG_WARN_OBJC_LITERAL_CONVERSION = YES;
				CLANG_WARN_OBJC_ROOT_CLASS = YES_ERROR;
				CLANG_WARN_QUOTED_INCLUDE_IN_FRAMEWORK_HEADER = YES;
				CLANG_WARN_RANGE_LOOP_ANALYSIS = YES;
				CLANG_WARN_STRICT_PROTOTYPES = YES;
				CLANG_WARN_SUSPICIOUS_MOVE = YES;
				CLANG_WARN_UNGUARDED_AVAILABILITY = YES_AGGRESSIVE;
				CLANG_WARN_UNREACHABLE_CODE = YES;
				CLANG_WARN__DUPLICATE_METHOD_MATCH = YES;
				COPY_PHASE_STRIP = NO;
				DEBUG_INFORMATION_FORMAT = dwarf;
				ENABLE_STRICT_OBJC_MSGSEND = YES;
				ENABLE_TESTABILITY = YES;
				ENABLE_USER_SCRIPT_SANDBOXING = YES;
				GCC_C_LANGUAGE_STANDARD = gnu17;
				GCC_DYNAMIC_NO_PIC = NO;
				GCC_NO_COMMON_BLOCKS = YES;
				GCC_OPTIMIZATION_LEVEL = 0;
				GCC_PREPROCESSOR_DEFINITIONS = (
					"DEBUG=1",
					"$(inherited)",
				);
				GCC_WARN_64_TO_32_BIT_CONVERSION = YES;
				GCC_WARN_ABOUT_RETURN_TYPE = YES_ERROR;
				GCC_WARN_UNDECLARED_SELECTOR = YES;
				GCC_WARN_UNINITIALIZED_AUTOS = YES_AGGRESSIVE;
				GCC_WARN_UNUSED_FUNCTION = YES;
				GCC_WARN_UNUSED_VARIABLE = YES;
				IPHONEOS_DEPLOYMENT_TARGET = 17.5;
				LOCALIZATION_PREFERS_STRING_CATALOGS = YES;
				MTL_ENABLE_DEBUG_INFO = INCLUDE_SOURCE;
				MTL_FAST_MATH = YES;
				ONLY_ACTIVE_ARCH = YES;
				SDKROOT = iphoneos;
				SWIFT_ACTIVE_COMPILATION_CONDITIONS = "DEBUG $(inherited)";
				SWIFT_EMIT_LOC_STRINGS = YES;
				SWIFT_OPTIMIZATION_LEVEL = "-Onone";
			};
			name = Debug;
		};
		1CA3B67E2D22B0F600176711 /* Release */ = {
			isa = XCBuildConfiguration;
			buildSettings = {
				ALWAYS_SEARCH_USER_PATHS = NO;
				ASSETCATALOG_COMPILER_GENERATE_SWIFT_ASSET_SYMBOL_EXTENSIONS = YES;
				CLANG_ANALYZER_NONNULL = YES;
				CLANG_ANALYZER_NUMBER_OBJECT_CONVERSION = YES_AGGRESSIVE;
				CLANG_CXX_LANGUAGE_STANDARD = "gnu++20";
				CLANG_ENABLE_MODULES = YES;
				CLANG_ENABLE_OBJC_ARC = YES;
				CLANG_ENABLE_OBJC_WEAK = YES;
				CLANG_WARN_BLOCK_CAPTURE_AUTORELEASING = YES;
				CLANG_WARN_BOOL_CONVERSION = YES;
				CLANG_WARN_COMMA = YES;
				CLANG_WARN_CONSTANT_CONVERSION = YES;
				CLANG_WARN_DEPRECATED_OBJC_IMPLEMENTATIONS = YES;
				CLANG_WARN_DIRECT_OBJC_ISA_USAGE = YES_ERROR;
				CLANG_WARN_DOCUMENTATION_COMMENTS = YES;
				CLANG_WARN_EMPTY_BODY = YES;
				CLANG_WARN_ENUM_CONVERSION = YES;
				CLANG_WARN_INFINITE_RECURSION = YES;
				CLANG_WARN_INT_CONVERSION = YES;
				CLANG_WARN_NON_LITERAL_NULL_CONVERSION = YES;
				CLANG_WARN_OBJC_IMPLICIT_RETAIN_SELF = YES;
				CLANG_WARN_OBJC_LITERAL_CONVERSION = YES;
				CLANG_WARN_OBJC_ROOT_CLASS = YES_ERROR;
				CLANG_WARN_QUOTED_INCLUDE_IN_FRAMEWORK_HEADER = YES;
				CLANG_WARN_RANGE_LOOP_ANALYSIS = YES;
				CLANG_WARN_STRICT_PROTOTYPES = YES;
				CLANG_WARN_SUSPICIOUS_MOVE = YES;
				CLANG_WARN_UNGUARDED_AVAILABILITY = YES_AGGRESSIVE;
				CLANG_WARN_UNREACHABLE_CODE = YES;
				CLANG_WARN__DUPLICATE_METHOD_MATCH = YES;
				COPY_PHASE_STRIP = NO;
				DEBUG_INFORMATION_FORMAT = "dwarf-with-dsym";
				ENABLE_NS_ASSERTIONS = NO;
				ENABLE_STRICT_OBJC_MSGSEND = YES;
				ENABLE_USER_SCRIPT_SANDBOXING = YES;
				GCC_C_LANGUAGE_STANDARD = gnu17;
				GCC_NO_COMMON_BLOCKS = YES;
				GCC_WARN_64_TO_32_BIT_CONVERSION = YES;
				GCC_WARN_ABOUT_RETURN_TYPE = YES_ERROR;
				GCC_WARN_UNDECLARED_SELECTOR = YES;
				GCC_WARN_UNINITIALIZED_AUTOS = YES_AGGRESSIVE;
				GCC_WARN_UNUSED_FUNCTION = YES;
				GCC_WARN_UNUSED_VARIABLE = YES;
				IPHONEOS_DEPLOYMENT_TARGET = 17.5;
				LOCALIZATION_PREFERS_STRING_CATALOGS = YES;
				MTL_ENABLE_DEBUG_INFO = NO;
				MTL_FAST_MATH = YES;
				SDKROOT = iphoneos;
				SWIFT_COMPILATION_MODE = wholemodule;
				SWIFT_EMIT_LOC_STRINGS = YES;
				VALIDATE_PRODUCT = YES;
			};
			name = Release;
		};
		1CA3B6802D22B0F600176711 /* Debug */ = {
			isa = XCBuildConfiguration;
			buildSettings = {
				ASSETCATALOG_COMPILER_APPICON_NAME = AppIcon;
				ASSETCATALOG_COMPILER_GLOBAL_ACCENT_COLOR_NAME = AccentColor;
				CODE_SIGN_STYLE = Automatic;
				CURRENT_PROJECT_VERSION = 1;
				DEVELOPMENT_TEAM = 4CVFH8NFUH;
				GENERATE_INFOPLIST_FILE = YES;
				INFOPLIST_FILE = TransactionsTestTask/Info.plist;
				INFOPLIST_KEY_UIApplicationSupportsIndirectInputEvents = YES;
				INFOPLIST_KEY_UILaunchStoryboardName = LaunchScreen;
				INFOPLIST_KEY_UIMainStoryboardFile = "";
				INFOPLIST_KEY_UISupportedInterfaceOrientations_iPad = "UIInterfaceOrientationPortrait UIInterfaceOrientationPortraitUpsideDown UIInterfaceOrientationLandscapeLeft UIInterfaceOrientationLandscapeRight";
				INFOPLIST_KEY_UISupportedInterfaceOrientations_iPhone = "UIInterfaceOrientationPortrait UIInterfaceOrientationLandscapeLeft UIInterfaceOrientationLandscapeRight";
				LD_RUNPATH_SEARCH_PATHS = (
					"$(inherited)",
					"@executable_path/Frameworks",
				);
				MARKETING_VERSION = 1.0;
				PRODUCT_BUNDLE_IDENTIFIER = com.obrio.TransactionsTestTask.kravtsov;
				PRODUCT_NAME = "$(TARGET_NAME)";
				SWIFT_EMIT_LOC_STRINGS = YES;
				SWIFT_VERSION = 5.0;
				TARGETED_DEVICE_FAMILY = "1,2";
			};
			name = Debug;
		};
		1CA3B6812D22B0F600176711 /* Release */ = {
			isa = XCBuildConfiguration;
			buildSettings = {
				ASSETCATALOG_COMPILER_APPICON_NAME = AppIcon;
				ASSETCATALOG_COMPILER_GLOBAL_ACCENT_COLOR_NAME = AccentColor;
				CODE_SIGN_STYLE = Automatic;
				CURRENT_PROJECT_VERSION = 1;
				DEVELOPMENT_TEAM = 4CVFH8NFUH;
				GENERATE_INFOPLIST_FILE = YES;
				INFOPLIST_FILE = TransactionsTestTask/Info.plist;
				INFOPLIST_KEY_UIApplicationSupportsIndirectInputEvents = YES;
				INFOPLIST_KEY_UILaunchStoryboardName = LaunchScreen;
				INFOPLIST_KEY_UIMainStoryboardFile = "";
				INFOPLIST_KEY_UISupportedInterfaceOrientations_iPad = "UIInterfaceOrientationPortrait UIInterfaceOrientationPortraitUpsideDown UIInterfaceOrientationLandscapeLeft UIInterfaceOrientationLandscapeRight";
				INFOPLIST_KEY_UISupportedInterfaceOrientations_iPhone = "UIInterfaceOrientationPortrait UIInterfaceOrientationLandscapeLeft UIInterfaceOrientationLandscapeRight";
				LD_RUNPATH_SEARCH_PATHS = (
					"$(inherited)",
					"@executable_path/Frameworks",
				);
				MARKETING_VERSION = 1.0;
				PRODUCT_BUNDLE_IDENTIFIER = com.obrio.TransactionsTestTask.kravtsov;
				PRODUCT_NAME = "$(TARGET_NAME)";
				SWIFT_EMIT_LOC_STRINGS = YES;
				SWIFT_VERSION = 5.0;
				TARGETED_DEVICE_FAMILY = "1,2";
			};
			name = Release;
		};
		1CA3B6832D22B0F600176711 /* Debug */ = {
			isa = XCBuildConfiguration;
			buildSettings = {
				BUNDLE_LOADER = "$(TEST_HOST)";
				CODE_SIGN_STYLE = Automatic;
				CURRENT_PROJECT_VERSION = 1;
				DEVELOPMENT_TEAM = 4CVFH8NFUH;
				GENERATE_INFOPLIST_FILE = YES;
				IPHONEOS_DEPLOYMENT_TARGET = 17.5;
				MARKETING_VERSION = 1.0;
				PRODUCT_BUNDLE_IDENTIFIER = com.obrio.TransactionsTestTaskTests.kravtsov;
				PRODUCT_NAME = "$(TARGET_NAME)";
				SWIFT_EMIT_LOC_STRINGS = NO;
				SWIFT_VERSION = 5.0;
				TARGETED_DEVICE_FAMILY = "1,2";
				TEST_HOST = "$(BUILT_PRODUCTS_DIR)/TransactionsTestTask.app/$(BUNDLE_EXECUTABLE_FOLDER_PATH)/TransactionsTestTask";
			};
			name = Debug;
		};
		1CA3B6842D22B0F600176711 /* Release */ = {
			isa = XCBuildConfiguration;
			buildSettings = {
				BUNDLE_LOADER = "$(TEST_HOST)";
				CODE_SIGN_STYLE = Automatic;
				CURRENT_PROJECT_VERSION = 1;
				DEVELOPMENT_TEAM = 4CVFH8NFUH;
				GENERATE_INFOPLIST_FILE = YES;
				IPHONEOS_DEPLOYMENT_TARGET = 17.5;
				MARKETING_VERSION = 1.0;
				PRODUCT_BUNDLE_IDENTIFIER = com.obrio.TransactionsTestTaskTests.kravtsov;
				PRODUCT_NAME = "$(TARGET_NAME)";
				SWIFT_EMIT_LOC_STRINGS = NO;
				SWIFT_VERSION = 5.0;
				TARGETED_DEVICE_FAMILY = "1,2";
				TEST_HOST = "$(BUILT_PRODUCTS_DIR)/TransactionsTestTask.app/$(BUNDLE_EXECUTABLE_FOLDER_PATH)/TransactionsTestTask";
			};
			name = Release;
		};
		1CA3B6862D22B0F600176711 /* Debug */ = {
			isa = XCBuildConfiguration;
			buildSettings = {
				CODE_SIGN_STYLE = Automatic;
				CURRENT_PROJECT_VERSION = 1;
				DEVELOPMENT_TEAM = 4CVFH8NFUH;
				GENERATE_INFOPLIST_FILE = YES;
				MARKETING_VERSION = 1.0;
				PRODUCT_BUNDLE_IDENTIFIER = com.obrio.TransactionsTestTaskUITests.kravtsov;
				PRODUCT_NAME = "$(TARGET_NAME)";
				SWIFT_EMIT_LOC_STRINGS = NO;
				SWIFT_VERSION = 5.0;
				TARGETED_DEVICE_FAMILY = "1,2";
				TEST_TARGET_NAME = TransactionsTestTask;
			};
			name = Debug;
		};
		1CA3B6872D22B0F600176711 /* Release */ = {
			isa = XCBuildConfiguration;
			buildSettings = {
				CODE_SIGN_STYLE = Automatic;
				CURRENT_PROJECT_VERSION = 1;
				DEVELOPMENT_TEAM = 4CVFH8NFUH;
				GENERATE_INFOPLIST_FILE = YES;
				MARKETING_VERSION = 1.0;
				PRODUCT_BUNDLE_IDENTIFIER = com.obrio.TransactionsTestTaskUITests.kravtsov;
				PRODUCT_NAME = "$(TARGET_NAME)";
				SWIFT_EMIT_LOC_STRINGS = NO;
				SWIFT_VERSION = 5.0;
				TARGETED_DEVICE_FAMILY = "1,2";
				TEST_TARGET_NAME = TransactionsTestTask;
			};
			name = Release;
		};
/* End XCBuildConfiguration section */

/* Begin XCConfigurationList section */
		1CA3B64D2D22B0F500176711 /* Build configuration list for PBXProject "TransactionsTestTask" */ = {
			isa = XCConfigurationList;
			buildConfigurations = (
				1CA3B67D2D22B0F600176711 /* Debug */,
				1CA3B67E2D22B0F600176711 /* Release */,
			);
			defaultConfigurationIsVisible = 0;
			defaultConfigurationName = Release;
		};
		1CA3B67F2D22B0F600176711 /* Build configuration list for PBXNativeTarget "TransactionsTestTask" */ = {
			isa = XCConfigurationList;
			buildConfigurations = (
				1CA3B6802D22B0F600176711 /* Debug */,
				1CA3B6812D22B0F600176711 /* Release */,
			);
			defaultConfigurationIsVisible = 0;
			defaultConfigurationName = Release;
		};
		1CA3B6822D22B0F600176711 /* Build configuration list for PBXNativeTarget "TransactionsTestTaskTests" */ = {
			isa = XCConfigurationList;
			buildConfigurations = (
				1CA3B6832D22B0F600176711 /* Debug */,
				1CA3B6842D22B0F600176711 /* Release */,
			);
			defaultConfigurationIsVisible = 0;
			defaultConfigurationName = Release;
		};
		1CA3B6852D22B0F600176711 /* Build configuration list for PBXNativeTarget "TransactionsTestTaskUITests" */ = {
			isa = XCConfigurationList;
			buildConfigurations = (
				1CA3B6862D22B0F600176711 /* Debug */,
				1CA3B6872D22B0F600176711 /* Release */,
			);
			defaultConfigurationIsVisible = 0;
			defaultConfigurationName = Release;
		};
/* End XCConfigurationList section */

/* Begin XCVersionGroup section */
		1CA3B65E2D22B0F500176711 /* TransactionsTestTask.xcdatamodeld */ = {
			isa = XCVersionGroup;
			children = (
				1CA3B65F2D22B0F500176711 /* TransactionsTestTask.xcdatamodel */,
			);
			currentVersion = 1CA3B65F2D22B0F500176711 /* TransactionsTestTask.xcdatamodel */;
			path = TransactionsTestTask.xcdatamodeld;
			sourceTree = "<group>";
			versionGroupType = wrapper.xcdatamodel;
		};
/* End XCVersionGroup section */
	};
	rootObject = 1CA3B64A2D22B0F500176711 /* Project object */;
}
